
Microsoft Visual Studio Solution File, Format Version 12.00
# Visual Studio Version 16
VisualStudioVersion = 16.0.29911.84
MinimumVisualStudioVersion = 10.0.40219.1
Project("{FAE04EC0-301F-11D3-BF4B-00C04F79EFBC}") = "disconnected architecture", "disconnected architecture\disconnected architecture.csproj", "{CA361B19-37DA-4A0B-B91D-B0AA9888714E}"
EndProject
Global
	GlobalSection(SolutionConfigurationPlatforms) = preSolution
		Debug|Any CPU = Debug|Any CPU
		Release|Any CPU = Release|Any CPU
	EndGlobalSection
	GlobalSection(ProjectConfigurationPlatforms) = postSolution
		{CA361B19-37DA-4A0B-B91D-B0AA9888714E}.Debug|Any CPU.ActiveCfg = Debug|Any CPU
		{CA361B19-37DA-4A0B-B91D-B0AA9888714E}.Debug|Any CPU.Build.0 = Debug|Any CPU
		{CA361B19-37DA-4A0B-B91D-B0AA9888714E}.Release|Any CPU.ActiveCfg = Release|Any CPU
		{CA361B19-37DA-4A0B-B91D-B0AA9888714E}.Release|Any CPU.Build.0 = Release|Any CPU
	EndGlobalSection
	GlobalSection(SolutionProperties) = preSolution
		HideSolutionNode = FALSE
	EndGlobalSection
	GlobalSection(ExtensibilityGlobals) = postSolution
		SolutionGuid = {378C1094-D251-4556-97AE-9D71D4BB4697}
	EndGlobalSection
EndGlobal
