
Microsoft Visual Studio Solution File, Format Version 12.00
# Visual Studio Version 16
VisualStudioVersion = 16.0.29911.84
MinimumVisualStudioVersion = 10.0.40219.1
Project("{FAE04EC0-301F-11D3-BF4B-00C04F79EFBC}") = "HandsOn_04-ADO", "HandsOn_04-ADO\HandsOn_04-ADO.csproj", "{F40042B5-5A51-42F9-9BBB-804F6E7A0B3A}"
EndProject
Global
	GlobalSection(SolutionConfigurationPlatforms) = preSolution
		Debug|Any CPU = Debug|Any CPU
		Release|Any CPU = Release|Any CPU
	EndGlobalSection
	GlobalSection(ProjectConfigurationPlatforms) = postSolution
		{F40042B5-5A51-42F9-9BBB-804F6E7A0B3A}.Debug|Any CPU.ActiveCfg = Debug|Any CPU
		{F40042B5-5A51-42F9-9BBB-804F6E7A0B3A}.Debug|Any CPU.Build.0 = Debug|Any CPU
		{F40042B5-5A51-42F9-9BBB-804F6E7A0B3A}.Release|Any CPU.ActiveCfg = Release|Any CPU
		{F40042B5-5A51-42F9-9BBB-804F6E7A0B3A}.Release|Any CPU.Build.0 = Release|Any CPU
	EndGlobalSection
	GlobalSection(SolutionProperties) = preSolution
		HideSolutionNode = FALSE
	EndGlobalSection
	GlobalSection(ExtensibilityGlobals) = postSolution
		SolutionGuid = {E90078EB-C7FA-4637-9E92-F9C4A1E8DA16}
	EndGlobalSection
EndGlobal
