
Microsoft Visual Studio Solution File, Format Version 12.00
# Visual Studio Version 16
VisualStudioVersion = 16.0.29806.167
MinimumVisualStudioVersion = 10.0.40219.1
Project("{FAE04EC0-301F-11D3-BF4B-00C04F79EFBC}") = "truYumOnline", "truYumOnline\truYumOnline.csproj", "{2DF69DA6-6573-4590-9365-B4BA3CC845AF}"
EndProject
Project("{FAE04EC0-301F-11D3-BF4B-00C04F79EFBC}") = "Model", "truYumOnline\Model\Model.csproj", "{AA83B709-ED78-4FF7-A67D-4F626BFBF28F}"
EndProject
Project("{FAE04EC0-301F-11D3-BF4B-00C04F79EFBC}") = "Dao", "truYumOnline\Dao\Dao.csproj", "{D59B3444-151C-435C-829E-0753ECBE8547}"
EndProject
Project("{FAE04EC0-301F-11D3-BF4B-00C04F79EFBC}") = "TruYumComsole", "truYumOnline\TruYumComsole\TruYumComsole.csproj", "{D31BB877-D34B-4A71-8B2A-620CA64A16DC}"
EndProject
Project("{FAE04EC0-301F-11D3-BF4B-00C04F79EFBC}") = "TruYumWeb", "TruYumWeb\TruYumWeb.csproj", "{2B135322-B4EC-41D0-87A2-796EE3747AEC}"
EndProject
Global
	GlobalSection(SolutionConfigurationPlatforms) = preSolution
		Debug|Any CPU = Debug|Any CPU
		Release|Any CPU = Release|Any CPU
	EndGlobalSection
	GlobalSection(ProjectConfigurationPlatforms) = postSolution
		{2DF69DA6-6573-4590-9365-B4BA3CC845AF}.Debug|Any CPU.ActiveCfg = Debug|Any CPU
		{2DF69DA6-6573-4590-9365-B4BA3CC845AF}.Debug|Any CPU.Build.0 = Debug|Any CPU
		{2DF69DA6-6573-4590-9365-B4BA3CC845AF}.Release|Any CPU.ActiveCfg = Release|Any CPU
		{2DF69DA6-6573-4590-9365-B4BA3CC845AF}.Release|Any CPU.Build.0 = Release|Any CPU
		{AA83B709-ED78-4FF7-A67D-4F626BFBF28F}.Debug|Any CPU.ActiveCfg = Debug|Any CPU
		{AA83B709-ED78-4FF7-A67D-4F626BFBF28F}.Debug|Any CPU.Build.0 = Debug|Any CPU
		{AA83B709-ED78-4FF7-A67D-4F626BFBF28F}.Release|Any CPU.ActiveCfg = Release|Any CPU
		{AA83B709-ED78-4FF7-A67D-4F626BFBF28F}.Release|Any CPU.Build.0 = Release|Any CPU
		{D59B3444-151C-435C-829E-0753ECBE8547}.Debug|Any CPU.ActiveCfg = Debug|Any CPU
		{D59B3444-151C-435C-829E-0753ECBE8547}.Debug|Any CPU.Build.0 = Debug|Any CPU
		{D59B3444-151C-435C-829E-0753ECBE8547}.Release|Any CPU.ActiveCfg = Release|Any CPU
		{D59B3444-151C-435C-829E-0753ECBE8547}.Release|Any CPU.Build.0 = Release|Any CPU
		{D31BB877-D34B-4A71-8B2A-620CA64A16DC}.Debug|Any CPU.ActiveCfg = Debug|Any CPU
		{D31BB877-D34B-4A71-8B2A-620CA64A16DC}.Debug|Any CPU.Build.0 = Debug|Any CPU
		{D31BB877-D34B-4A71-8B2A-620CA64A16DC}.Release|Any CPU.ActiveCfg = Release|Any CPU
		{D31BB877-D34B-4A71-8B2A-620CA64A16DC}.Release|Any CPU.Build.0 = Release|Any CPU
		{2B135322-B4EC-41D0-87A2-796EE3747AEC}.Debug|Any CPU.ActiveCfg = Debug|Any CPU
		{2B135322-B4EC-41D0-87A2-796EE3747AEC}.Debug|Any CPU.Build.0 = Debug|Any CPU
		{2B135322-B4EC-41D0-87A2-796EE3747AEC}.Release|Any CPU.ActiveCfg = Release|Any CPU
		{2B135322-B4EC-41D0-87A2-796EE3747AEC}.Release|Any CPU.Build.0 = Release|Any CPU
	EndGlobalSection
	GlobalSection(SolutionProperties) = preSolution
		HideSolutionNode = FALSE
	EndGlobalSection
	GlobalSection(ExtensibilityGlobals) = postSolution
		SolutionGuid = {0B49CBA9-AA2E-43D5-9B8C-49AF74DC7217}
	EndGlobalSection
EndGlobal
